{
  "name": "section04",
  "version": "1.0.0",
  "lockfileVersion": 3,
  "requires": true,
  "packages": {
    "": {
      "name": "section04",
      "version": "1.0.0",
      "license": "ISC",
      "dependencies": {
        "types-node": "^0.0.1-security"
      }
    },
    "node_modules/types-node": {
      "version": "0.0.1-security",
      "resolved": "https://registry.npmjs.org/types-node/-/types-node-0.0.1-security.tgz",
      "integrity": "sha512-X3llRacOvdgGyfkY72IOEq96W4QBFXGOJeFki1nf/JmpL4XK79/Mkz3U8besDIpLDd6wGiJ/5iGtQO91K9/UaQ=="
    }
  }
}
